// !$*UTF8*$!
{
	archiveVersion = 1;
	classes = {
	};
	objectVersion = 46;
	objects = {

/* Begin PBXBuildFile section */
		2EF894191DF7BE8600F3FC0A /* RCDCustomerServiceViewController.m in Sources */ = {isa = PBXBuildFile; fileRef = 2EF8940D1DF7BE8600F3FC0A /* RCDCustomerServiceViewController.m */; };
		2EF8941A1DF7BE8600F3FC0A /* RongCloud.m in Sources */ = {isa = PBXBuildFile; fileRef = 2EF8940F1DF7BE8600F3FC0A /* RongCloud.m */; };
		2EF8941B1DF7BE8600F3FC0A /* RongCloudApplicationHandler.m in Sources */ = {isa = PBXBuildFile; fileRef = 2EF894111DF7BE8600F3FC0A /* RongCloudApplicationHandler.m */; };
		2EF8941C1DF7BE8600F3FC0A /* RongCloudHandler.m in Sources */ = {isa = PBXBuildFile; fileRef = 2EF894141DF7BE8600F3FC0A /* RongCloudHandler.m */; };
		2EF8941D1DF7BE8600F3FC0A /* RongCloudHybridAdapter.m in Sources */ = {isa = PBXBuildFile; fileRef = 2EF894161DF7BE8600F3FC0A /* RongCloudHybridAdapter.m */; };
		2EF8941E1DF7BE8600F3FC0A /* RongCloudModel.m in Sources */ = {isa = PBXBuildFile; fileRef = 2EF894181DF7BE8600F3FC0A /* RongCloudModel.m */; };
		2EF894671DF7BFC100F3FC0A /* AgoraRtcEngineKit.framework in Frameworks */ = {isa = PBXBuildFile; fileRef = 2EF894571DF7BFC100F3FC0A /* AgoraRtcEngineKit.framework */; };
		2EF894691DF7BFC100F3FC0A /* RongCallKit.framework in Frameworks */ = {isa = PBXBuildFile; fileRef = 2EF8945E1DF7BFC100F3FC0A /* RongCallKit.framework */; };
		2EF8946A1DF7BFC100F3FC0A /* RongCallLib.framework in Frameworks */ = {isa = PBXBuildFile; fileRef = 2EF8945F1DF7BFC100F3FC0A /* RongCallLib.framework */; };
		2EF8946B1DF7BFC100F3FC0A /* RongIMKit.framework in Frameworks */ = {isa = PBXBuildFile; fileRef = 2EF894611DF7BFC100F3FC0A /* RongIMKit.framework */; };
		2EF8946C1DF7BFC100F3FC0A /* RongIMLib.framework in Frameworks */ = {isa = PBXBuildFile; fileRef = 2EF894621DF7BFC100F3FC0A /* RongIMLib.framework */; };
		2EF8946D1DF7BFC100F3FC0A /* RongRTCEngine.framework in Frameworks */ = {isa = PBXBuildFile; fileRef = 2EF894631DF7BFC100F3FC0A /* RongRTCEngine.framework */; };
/* End PBXBuildFile section */

/* Begin PBXCopyFilesBuildPhase section */
		528608261A596B0600587EC2 /* Copy Files */ = {
			isa = PBXCopyFilesBuildPhase;
			buildActionMask = 2147483647;
			dstPath = "include/$(PRODUCT_NAME)";
			dstSubfolderSpec = 16;
			files = (
			);
			name = "Copy Files";
			runOnlyForDeploymentPostprocessing = 0;
		};
/* End PBXCopyFilesBuildPhase section */

/* Begin PBXFileReference section */
		2EF8940C1DF7BE8600F3FC0A /* RCDCustomerServiceViewController.h */ = {isa = PBXFileReference; fileEncoding = 4; lastKnownFileType = sourcecode.c.h; name = RCDCustomerServiceViewController.h; path = UZModules/RCDCustomerServiceViewController.h; sourceTree = "<group>"; };
		2EF8940D1DF7BE8600F3FC0A /* RCDCustomerServiceViewController.m */ = {isa = PBXFileReference; fileEncoding = 4; lastKnownFileType = sourcecode.c.objc; name = RCDCustomerServiceViewController.m; path = UZModules/RCDCustomerServiceViewController.m; sourceTree = "<group>"; };
		2EF8940E1DF7BE8600F3FC0A /* RongCloud.h */ = {isa = PBXFileReference; fileEncoding = 4; lastKnownFileType = sourcecode.c.h; name = RongCloud.h; path = UZModules/RongCloud.h; sourceTree = "<group>"; };
		2EF8940F1DF7BE8600F3FC0A /* RongCloud.m */ = {isa = PBXFileReference; fileEncoding = 4; lastKnownFileType = sourcecode.c.objc; name = RongCloud.m; path = UZModules/RongCloud.m; sourceTree = "<group>"; };
		2EF894101DF7BE8600F3FC0A /* RongCloudApplicationHandler.h */ = {isa = PBXFileReference; fileEncoding = 4; lastKnownFileType = sourcecode.c.h; name = RongCloudApplicationHandler.h; path = UZModules/RongCloudApplicationHandler.h; sourceTree = "<group>"; };
		2EF894111DF7BE8600F3FC0A /* RongCloudApplicationHandler.m */ = {isa = PBXFileReference; fileEncoding = 4; lastKnownFileType = sourcecode.c.objc; name = RongCloudApplicationHandler.m; path = UZModules/RongCloudApplicationHandler.m; sourceTree = "<group>"; };
		2EF894121DF7BE8600F3FC0A /* RongCloudConstant.h */ = {isa = PBXFileReference; fileEncoding = 4; lastKnownFileType = sourcecode.c.h; name = RongCloudConstant.h; path = UZModules/RongCloudConstant.h; sourceTree = "<group>"; };
		2EF894131DF7BE8600F3FC0A /* RongCloudHandler.h */ = {isa = PBXFileReference; fileEncoding = 4; lastKnownFileType = sourcecode.c.h; name = RongCloudHandler.h; path = UZModules/RongCloudHandler.h; sourceTree = "<group>"; };
		2EF894141DF7BE8600F3FC0A /* RongCloudHandler.m */ = {isa = PBXFileReference; fileEncoding = 4; lastKnownFileType = sourcecode.c.objc; name = RongCloudHandler.m; path = UZModules/RongCloudHandler.m; sourceTree = "<group>"; };
		2EF894151DF7BE8600F3FC0A /* RongCloudHybridAdapter.h */ = {isa = PBXFileReference; fileEncoding = 4; lastKnownFileType = sourcecode.c.h; name = RongCloudHybridAdapter.h; path = UZModules/RongCloudHybridAdapter.h; sourceTree = "<group>"; };
		2EF894161DF7BE8600F3FC0A /* RongCloudHybridAdapter.m */ = {isa = PBXFileReference; fileEncoding = 4; lastKnownFileType = sourcecode.c.objc; name = RongCloudHybridAdapter.m; path = UZModules/RongCloudHybridAdapter.m; sourceTree = "<group>"; };
		2EF894171DF7BE8600F3FC0A /* RongCloudModel.h */ = {isa = PBXFileReference; fileEncoding = 4; lastKnownFileType = sourcecode.c.h; name = RongCloudModel.h; path = UZModules/RongCloudModel.h; sourceTree = "<group>"; };
		2EF894181DF7BE8600F3FC0A /* RongCloudModel.m */ = {isa = PBXFileReference; fileEncoding = 4; lastKnownFileType = sourcecode.c.objc; name = RongCloudModel.m; path = UZModules/RongCloudModel.m; sourceTree = "<group>"; };
		2EF894571DF7BFC100F3FC0A /* AgoraRtcEngineKit.framework */ = {isa = PBXFileReference; lastKnownFileType = wrapper.framework; name = AgoraRtcEngineKit.framework; path = "../../../../iOS-Workspace/ios/ios-hybrid/apicloud/module/RongCloud/RongCloudLib/AgoraRtcEngineKit.framework"; sourceTree = "<group>"; };
		2EF894581DF7BFC100F3FC0A /* Emoji.plist */ = {isa = PBXFileReference; fileEncoding = 4; lastKnownFileType = text.plist.xml; name = Emoji.plist; path = "../../../../iOS-Workspace/ios/ios-hybrid/apicloud/module/RongCloud/RongCloudLib/Emoji.plist"; sourceTree = "<group>"; };
		2EF8945B1DF7BFC100F3FC0A /* en */ = {isa = PBXFileReference; lastKnownFileType = text.plist.strings; name = en; path = RongCloudKit.strings; sourceTree = "<group>"; };
		2EF8945D1DF7BFC100F3FC0A /* RCConfig.plist */ = {isa = PBXFileReference; fileEncoding = 4; lastKnownFileType = text.plist.xml; name = RCConfig.plist; path = "../../../../iOS-Workspace/ios/ios-hybrid/apicloud/module/RongCloud/RongCloudLib/RCConfig.plist"; sourceTree = "<group>"; };
		2EF8945E1DF7BFC100F3FC0A /* RongCallKit.framework */ = {isa = PBXFileReference; lastKnownFileType = wrapper.framework; name = RongCallKit.framework; path = "../../../../iOS-Workspace/ios/ios-hybrid/apicloud/module/RongCloud/RongCloudLib/RongCallKit.framework"; sourceTree = "<group>"; };
		2EF8945F1DF7BFC100F3FC0A /* RongCallLib.framework */ = {isa = PBXFileReference; lastKnownFileType = wrapper.framework; name = RongCallLib.framework; path = "../../../../iOS-Workspace/ios/ios-hybrid/apicloud/module/RongCloud/RongCloudLib/RongCallLib.framework"; sourceTree = "<group>"; };
		2EF894601DF7BFC100F3FC0A /* RongCloud.bundle */ = {isa = PBXFileReference; lastKnownFileType = "wrapper.plug-in"; name = RongCloud.bundle; path = "../../../../iOS-Workspace/ios/ios-hybrid/apicloud/module/RongCloud/RongCloudLib/RongCloud.bundle"; sourceTree = "<group>"; };
		2EF894611DF7BFC100F3FC0A /* RongIMKit.framework */ = {isa = PBXFileReference; lastKnownFileType = wrapper.framework; name = RongIMKit.framework; path = "../../../../iOS-Workspace/ios/ios-hybrid/apicloud/module/RongCloud/RongCloudLib/RongIMKit.framework"; sourceTree = "<group>"; };
		2EF894621DF7BFC100F3FC0A /* RongIMLib.framework */ = {isa = PBXFileReference; lastKnownFileType = wrapper.framework; name = RongIMLib.framework; path = "../../../../iOS-Workspace/ios/ios-hybrid/apicloud/module/RongCloud/RongCloudLib/RongIMLib.framework"; sourceTree = "<group>"; };
		2EF894631DF7BFC100F3FC0A /* RongRTCEngine.framework */ = {isa = PBXFileReference; lastKnownFileType = wrapper.framework; name = RongRTCEngine.framework; path = "../../../../iOS-Workspace/ios/ios-hybrid/apicloud/module/RongCloud/RongCloudLib/RongRTCEngine.framework"; sourceTree = "<group>"; };
		2EF894661DF7BFC100F3FC0A /* zh-Hans */ = {isa = PBXFileReference; lastKnownFileType = text.plist.strings; name = "zh-Hans"; path = RongCloudKit.strings; sourceTree = "<group>"; };
		528608281A596B0600587EC2 /* libRongCloud.a */ = {isa = PBXFileReference; explicitFileType = archive.ar; includeInIndex = 0; path = libRongCloud.a; sourceTree = BUILT_PRODUCTS_DIR; };
		A608BE0F1B8F07A400847DF7 /* module.json */ = {isa = PBXFileReference; fileEncoding = 4; lastKnownFileType = text.json; path = module.json; sourceTree = "<group>"; };
		A608BE111B8F07A400847DF7 /* NSDictionaryUtils.h */ = {isa = PBXFileReference; fileEncoding = 4; lastKnownFileType = sourcecode.c.h; path = NSDictionaryUtils.h; sourceTree = "<group>"; };
		A608BE121B8F07A400847DF7 /* UZAppDelegate.h */ = {isa = PBXFileReference; fileEncoding = 4; lastKnownFileType = sourcecode.c.h; path = UZAppDelegate.h; sourceTree = "<group>"; };
		A608BE131B8F07A400847DF7 /* UZAppUtils.h */ = {isa = PBXFileReference; fileEncoding = 4; lastKnownFileType = sourcecode.c.h; path = UZAppUtils.h; sourceTree = "<group>"; };
		A608BE141B8F07A400847DF7 /* UZModule.h */ = {isa = PBXFileReference; fileEncoding = 4; lastKnownFileType = sourcecode.c.h; path = UZModule.h; sourceTree = "<group>"; };
/* End PBXFileReference section */

/* Begin PBXFrameworksBuildPhase section */
		528608251A596B0600587EC2 /* Frameworks */ = {
			isa = PBXFrameworksBuildPhase;
			buildActionMask = 2147483647;
			files = (
				2EF894671DF7BFC100F3FC0A /* AgoraRtcEngineKit.framework in Frameworks */,
				2EF894691DF7BFC100F3FC0A /* RongCallKit.framework in Frameworks */,
				2EF8946A1DF7BFC100F3FC0A /* RongCallLib.framework in Frameworks */,
				2EF8946C1DF7BFC100F3FC0A /* RongIMLib.framework in Frameworks */,
				2EF8946D1DF7BFC100F3FC0A /* RongRTCEngine.framework in Frameworks */,
				2EF8946B1DF7BFC100F3FC0A /* RongIMKit.framework in Frameworks */,
			);
			runOnlyForDeploymentPostprocessing = 0;
		};
/* End PBXFrameworksBuildPhase section */

/* Begin PBXGroup section */
		2EF894591DF7BFC100F3FC0A /* en.lproj */ = {
			isa = PBXGroup;
			children = (
				2EF8945A1DF7BFC100F3FC0A /* RongCloudKit.strings */,
			);
			name = en.lproj;
			path = "../../../../iOS-Workspace/ios/ios-hybrid/apicloud/module/RongCloud/RongCloudLib/en.lproj";
			sourceTree = "<group>";
		};
		2EF894641DF7BFC100F3FC0A /* zh-Hans.lproj */ = {
			isa = PBXGroup;
			children = (
				2EF894651DF7BFC100F3FC0A /* RongCloudKit.strings */,
			);
			name = "zh-Hans.lproj";
			path = "../../../../iOS-Workspace/ios/ios-hybrid/apicloud/module/RongCloud/RongCloudLib/zh-Hans.lproj";
			sourceTree = "<group>";
		};
		5286081F1A596B0600587EC2 = {
			isa = PBXGroup;
			children = (
				A608BE0B1B8F07A400847DF7 /* RongCloud */,
				528608291A596B0600587EC2 /* Products */,
			);
			sourceTree = "<group>";
		};
		528608291A596B0600587EC2 /* Products */ = {
			isa = PBXGroup;
			children = (
				528608281A596B0600587EC2 /* libRongCloud.a */,
			);
			name = Products;
			sourceTree = "<group>";
		};
		A608BE0B1B8F07A400847DF7 /* RongCloud */ = {
			isa = PBXGroup;
			children = (
				A66887AB1BB538F20076A7C9 /* UZModules */,
				A608BE0C1B8F07A400847DF7 /* RongCloudLib */,
				A608BE0E1B8F07A400847DF7 /* uz */,
				A608BE101B8F07A400847DF7 /* UZEngine */,
			);
			path = RongCloud;
			sourceTree = "<group>";
		};
		A608BE0C1B8F07A400847DF7 /* RongCloudLib */ = {
			isa = PBXGroup;
			children = (
				2EF894571DF7BFC100F3FC0A /* AgoraRtcEngineKit.framework */,
				2EF894581DF7BFC100F3FC0A /* Emoji.plist */,
				2EF894591DF7BFC100F3FC0A /* en.lproj */,
				2EF8945D1DF7BFC100F3FC0A /* RCConfig.plist */,
				2EF8945E1DF7BFC100F3FC0A /* RongCallKit.framework */,
				2EF8945F1DF7BFC100F3FC0A /* RongCallLib.framework */,
				2EF894601DF7BFC100F3FC0A /* RongCloud.bundle */,
				2EF894611DF7BFC100F3FC0A /* RongIMKit.framework */,
				2EF894621DF7BFC100F3FC0A /* RongIMLib.framework */,
				2EF894631DF7BFC100F3FC0A /* RongRTCEngine.framework */,
				2EF894641DF7BFC100F3FC0A /* zh-Hans.lproj */,
			);
			path = RongCloudLib;
			sourceTree = "<group>";
		};
		A608BE0E1B8F07A400847DF7 /* uz */ = {
			isa = PBXGroup;
			children = (
				A608BE0F1B8F07A400847DF7 /* module.json */,
			);
			path = uz;
			sourceTree = "<group>";
		};
		A608BE101B8F07A400847DF7 /* UZEngine */ = {
			isa = PBXGroup;
			children = (
				A608BE111B8F07A400847DF7 /* NSDictionaryUtils.h */,
				A608BE121B8F07A400847DF7 /* UZAppDelegate.h */,
				A608BE131B8F07A400847DF7 /* UZAppUtils.h */,
				A608BE141B8F07A400847DF7 /* UZModule.h */,
			);
			path = UZEngine;
			sourceTree = "<group>";
		};
		A66887AB1BB538F20076A7C9 /* UZModules */ = {
			isa = PBXGroup;
			children = (
				2EF8940C1DF7BE8600F3FC0A /* RCDCustomerServiceViewController.h */,
				2EF8940D1DF7BE8600F3FC0A /* RCDCustomerServiceViewController.m */,
				2EF8940E1DF7BE8600F3FC0A /* RongCloud.h */,
				2EF8940F1DF7BE8600F3FC0A /* RongCloud.m */,
				2EF894101DF7BE8600F3FC0A /* RongCloudApplicationHandler.h */,
				2EF894111DF7BE8600F3FC0A /* RongCloudApplicationHandler.m */,
				2EF894121DF7BE8600F3FC0A /* RongCloudConstant.h */,
				2EF894131DF7BE8600F3FC0A /* RongCloudHandler.h */,
				2EF894141DF7BE8600F3FC0A /* RongCloudHandler.m */,
				2EF894151DF7BE8600F3FC0A /* RongCloudHybridAdapter.h */,
				2EF894161DF7BE8600F3FC0A /* RongCloudHybridAdapter.m */,
				2EF894171DF7BE8600F3FC0A /* RongCloudModel.h */,
				2EF894181DF7BE8600F3FC0A /* RongCloudModel.m */,
			);
			name = UZModules;
			sourceTree = "<group>";
		};
/* End PBXGroup section */

/* Begin PBXNativeTarget section */
		528608271A596B0600587EC2 /* RongCloud */ = {
			isa = PBXNativeTarget;
			buildConfigurationList = 5286083C1A596B0600587EC2 /* Build configuration list for PBXNativeTarget "RongCloud" */;
			buildPhases = (
				A6838D2E1D5D8CC600A7ABB8 /* ShellScript */,
				528608241A596B0600587EC2 /* Sources */,
				528608251A596B0600587EC2 /* Frameworks */,
				528608261A596B0600587EC2 /* Copy Files */,
				A608BE9F1B8F146300847DF7 /* ShellScript */,
			);
			buildRules = (
			);
			dependencies = (
			);
			name = RongCloud;
			productName = ModuleDemo;
			productReference = 528608281A596B0600587EC2 /* libRongCloud.a */;
			productType = "com.apple.product-type.library.static";
		};
/* End PBXNativeTarget section */

/* Begin PBXProject section */
		528608201A596B0600587EC2 /* Project object */ = {
			isa = PBXProject;
			attributes = {
				LastUpgradeCheck = 0610;
				ORGANIZATIONNAME = APICloud;
				TargetAttributes = {
					528608271A596B0600587EC2 = {
						CreatedOnToolsVersion = 6.1;
					};
				};
			};
			buildConfigurationList = 528608231A596B0600587EC2 /* Build configuration list for PBXProject "RongCloud" */;
			compatibilityVersion = "Xcode 3.2";
			developmentRegion = English;
			hasScannedForEncodings = 0;
			knownRegions = (
				en,
				"zh-Hans",
			);
			mainGroup = 5286081F1A596B0600587EC2;
			productRefGroup = 528608291A596B0600587EC2 /* Products */;
			projectDirPath = "";
			projectRoot = "";
			targets = (
				528608271A596B0600587EC2 /* RongCloud */,
			);
		};
/* End PBXProject section */

/* Begin PBXShellScriptBuildPhase section */
		A608BE9F1B8F146300847DF7 /* ShellScript */ = {
			isa = PBXShellScriptBuildPhase;
			buildActionMask = 2147483647;
			files = (
			);
			inputPaths = (
			);
			outputPaths = (
			);
			runOnlyForDeploymentPostprocessing = 0;
			shellPath = /bin/sh;
			shellScript = "tmpName=${PLATFORM_NAME}\nBIN_DIR=\"release\"\n\n\n\nrm -rf ${BIN_DIR}\nmkdir -p \"$BIN_DIR\"\n\n\nOUTPUT_DIR=\"${BIN_DIR}/target\"\nmkdir -p \"$OUTPUT_DIR\"\n\n\ncp -af ${BUILT_PRODUCTS_DIR}/lib${TARGET_NAME}.a ${OUTPUT_DIR}/\ncp -af RongCloud/RongCloudLib/ ${OUTPUT_DIR}/\ncp -af RongCloud/uz/module.json ${OUTPUT_DIR}/../";
		};
		A6838D2E1D5D8CC600A7ABB8 /* ShellScript */ = {
			isa = PBXShellScriptBuildPhase;
			buildActionMask = 2147483647;
			files = (
			);
			inputPaths = (
			);
			outputPaths = (
			);
			runOnlyForDeploymentPostprocessing = 0;
			shellPath = /bin/sh;
			shellScript = "mkdir -p ./RongCloud/uz\ncp -rf ../development/UZApp/uz/module.json ./RongCloud/uz/\nsed -i '' -e  's/^\\[//g' ./RongCloud/uz/module.json\nsed -i '' -e  's/^\\]//g' ./RongCloud/uz/module.json";
		};
/* End PBXShellScriptBuildPhase section */

/* Begin PBXSourcesBuildPhase section */
		528608241A596B0600587EC2 /* Sources */ = {
			isa = PBXSourcesBuildPhase;
			buildActionMask = 2147483647;
			files = (
				2EF8941C1DF7BE8600F3FC0A /* RongCloudHandler.m in Sources */,
				2EF894191DF7BE8600F3FC0A /* RCDCustomerServiceViewController.m in Sources */,
				2EF8941A1DF7BE8600F3FC0A /* RongCloud.m in Sources */,
				2EF8941D1DF7BE8600F3FC0A /* RongCloudHybridAdapter.m in Sources */,
				2EF8941B1DF7BE8600F3FC0A /* RongCloudApplicationHandler.m in Sources */,
				2EF8941E1DF7BE8600F3FC0A /* RongCloudModel.m in Sources */,
			);
			runOnlyForDeploymentPostprocessing = 0;
		};
/* End PBXSourcesBuildPhase section */

/* Begin PBXVariantGroup section */
		2EF8945A1DF7BFC100F3FC0A /* RongCloudKit.strings */ = {
			isa = PBXVariantGroup;
			children = (
				2EF8945B1DF7BFC100F3FC0A /* en */,
			);
			name = RongCloudKit.strings;
			sourceTree = "<group>";
		};
		2EF894651DF7BFC100F3FC0A /* RongCloudKit.strings */ = {
			isa = PBXVariantGroup;
			children = (
				2EF894661DF7BFC100F3FC0A /* zh-Hans */,
			);
			name = RongCloudKit.strings;
			sourceTree = "<group>";
		};
/* End PBXVariantGroup section */

/* Begin XCBuildConfiguration section */
		5286083A1A596B0600587EC2 /* Debug */ = {
			isa = XCBuildConfiguration;
			buildSettings = {
				ALWAYS_SEARCH_USER_PATHS = NO;
				ARCHS = (
					"$(ARCHS_STANDARD)",
					armv7s,
				);
				CLANG_CXX_LANGUAGE_STANDARD = "gnu++0x";
				CLANG_CXX_LIBRARY = "libc++";
				CLANG_ENABLE_MODULES = YES;
				CLANG_ENABLE_OBJC_ARC = YES;
				CLANG_WARN_BOOL_CONVERSION = YES;
				CLANG_WARN_CONSTANT_CONVERSION = YES;
				CLANG_WARN_DIRECT_OBJC_ISA_USAGE = YES_ERROR;
				CLANG_WARN_EMPTY_BODY = YES;
				CLANG_WARN_ENUM_CONVERSION = YES;
				CLANG_WARN_INT_CONVERSION = YES;
				CLANG_WARN_OBJC_ROOT_CLASS = YES_ERROR;
				CLANG_WARN_UNREACHABLE_CODE = YES;
				CLANG_WARN__DUPLICATE_METHOD_MATCH = YES;
				COPY_PHASE_STRIP = NO;
				ENABLE_STRICT_OBJC_MSGSEND = YES;
				GCC_C_LANGUAGE_STANDARD = gnu99;
				GCC_DYNAMIC_NO_PIC = NO;
				GCC_OPTIMIZATION_LEVEL = 0;
				GCC_PREPROCESSOR_DEFINITIONS = (
					"DEBUG=1",
					"$(inherited)",
				);
				GCC_SYMBOLS_PRIVATE_EXTERN = NO;
				GCC_WARN_64_TO_32_BIT_CONVERSION = YES;
				GCC_WARN_ABOUT_RETURN_TYPE = YES_ERROR;
				GCC_WARN_UNDECLARED_SELECTOR = YES;
				GCC_WARN_UNINITIALIZED_AUTOS = YES_AGGRESSIVE;
				GCC_WARN_UNUSED_FUNCTION = YES;
				GCC_WARN_UNUSED_VARIABLE = YES;
				IPHONEOS_DEPLOYMENT_TARGET = 5.0;
				MTL_ENABLE_DEBUG_INFO = YES;
				ONLY_ACTIVE_ARCH = NO;
				SDKROOT = iphoneos;
			};
			name = Debug;
		};
		5286083B1A596B0600587EC2 /* Release */ = {
			isa = XCBuildConfiguration;
			buildSettings = {
				ALWAYS_SEARCH_USER_PATHS = NO;
				ARCHS = (
					"$(ARCHS_STANDARD)",
					armv7s,
				);
				CLANG_CXX_LANGUAGE_STANDARD = "gnu++0x";
				CLANG_CXX_LIBRARY = "libc++";
				CLANG_ENABLE_MODULES = YES;
				CLANG_ENABLE_OBJC_ARC = YES;
				CLANG_WARN_BOOL_CONVERSION = YES;
				CLANG_WARN_CONSTANT_CONVERSION = YES;
				CLANG_WARN_DIRECT_OBJC_ISA_USAGE = YES_ERROR;
				CLANG_WARN_EMPTY_BODY = YES;
				CLANG_WARN_ENUM_CONVERSION = YES;
				CLANG_WARN_INT_CONVERSION = YES;
				CLANG_WARN_OBJC_ROOT_CLASS = YES_ERROR;
				CLANG_WARN_UNREACHABLE_CODE = YES;
				CLANG_WARN__DUPLICATE_METHOD_MATCH = YES;
				COPY_PHASE_STRIP = YES;
				ENABLE_NS_ASSERTIONS = NO;
				ENABLE_STRICT_OBJC_MSGSEND = YES;
				GCC_C_LANGUAGE_STANDARD = gnu99;
				GCC_WARN_64_TO_32_BIT_CONVERSION = YES;
				GCC_WARN_ABOUT_RETURN_TYPE = YES_ERROR;
				GCC_WARN_UNDECLARED_SELECTOR = YES;
				GCC_WARN_UNINITIALIZED_AUTOS = YES_AGGRESSIVE;
				GCC_WARN_UNUSED_FUNCTION = YES;
				GCC_WARN_UNUSED_VARIABLE = YES;
				IPHONEOS_DEPLOYMENT_TARGET = 5.0;
				MTL_ENABLE_DEBUG_INFO = NO;
				ONLY_ACTIVE_ARCH = NO;
				SDKROOT = iphoneos;
				VALIDATE_PRODUCT = YES;
			};
			name = Release;
		};
		5286083D1A596B0600587EC2 /* Debug */ = {
			isa = XCBuildConfiguration;
			buildSettings = {
				ARCHS = (
					"$(ARCHS_STANDARD)",
					armv7s,
				);
				FRAMEWORK_SEARCH_PATHS = (
					"$(inherited)",
					"$(PROJECT_DIR)/ModuleDemo/RongCloudLib",
					"$(PROJECT_DIR)/RongCloud/RongCloudLib",
				);
				LIBRARY_SEARCH_PATHS = (
					"$(inherited)",
					"$(PROJECT_DIR)/ModuleDemo/libs",
				);
				ONLY_ACTIVE_ARCH = NO;
				OTHER_LDFLAGS = "-ObjC";
				PRODUCT_NAME = RongCloud;
				SKIP_INSTALL = YES;
			};
			name = Debug;
		};
		5286083E1A596B0600587EC2 /* Release */ = {
			isa = XCBuildConfiguration;
			buildSettings = {
				ARCHS = (
					"$(ARCHS_STANDARD)",
					armv7s,
				);
				FRAMEWORK_SEARCH_PATHS = (
					"$(inherited)",
					"$(PROJECT_DIR)/ModuleDemo/RongCloudLib",
					"$(PROJECT_DIR)/RongCloud/RongCloudLib",
				);
				LIBRARY_SEARCH_PATHS = (
					"$(inherited)",
					"$(PROJECT_DIR)/ModuleDemo/libs",
				);
				ONLY_ACTIVE_ARCH = NO;
				OTHER_LDFLAGS = "-ObjC";
				PRODUCT_NAME = RongCloud;
				SKIP_INSTALL = YES;
			};
			name = Release;
		};
/* End XCBuildConfiguration section */

/* Begin XCConfigurationList section */
		528608231A596B0600587EC2 /* Build configuration list for PBXProject "RongCloud" */ = {
			isa = XCConfigurationList;
			buildConfigurations = (
				5286083A1A596B0600587EC2 /* Debug */,
				5286083B1A596B0600587EC2 /* Release */,
			);
			defaultConfigurationIsVisible = 0;
			defaultConfigurationName = Release;
		};
		5286083C1A596B0600587EC2 /* Build configuration list for PBXNativeTarget "RongCloud" */ = {
			isa = XCConfigurationList;
			buildConfigurations = (
				5286083D1A596B0600587EC2 /* Debug */,
				5286083E1A596B0600587EC2 /* Release */,
			);
			defaultConfigurationIsVisible = 0;
			defaultConfigurationName = Release;
		};
/* End XCConfigurationList section */
	};
	rootObject = 528608201A596B0600587EC2 /* Project object */;
}
