// !$*UTF8*$!
{
	archiveVersion = 1;
	classes = {
	};
	objectVersion = 46;
	objects = {

/* Begin PBXBuildFile section */
		2EF8947B1DF7C10A00F3FC0A /* RCDCustomerServiceViewController.m in Sources */ = {isa = PBXBuildFile; fileRef = 2EF8946F1DF7C10A00F3FC0A /* RCDCustomerServiceViewController.m */; };
		2EF8947C1DF7C10A00F3FC0A /* RongCloud.m in Sources */ = {isa = PBXBuildFile; fileRef = 2EF894711DF7C10A00F3FC0A /* RongCloud.m */; };
		2EF8947D1DF7C10A00F3FC0A /* RongCloudApplicationHandler.m in Sources */ = {isa = PBXBuildFile; fileRef = 2EF894731DF7C10A00F3FC0A /* RongCloudApplicationHandler.m */; };
		2EF8947E1DF7C10A00F3FC0A /* RongCloudHandler.m in Sources */ = {isa = PBXBuildFile; fileRef = 2EF894761DF7C10A00F3FC0A /* RongCloudHandler.m */; };
		2EF8947F1DF7C10A00F3FC0A /* RongCloudHybridAdapter.m in Sources */ = {isa = PBXBuildFile; fileRef = 2EF894781DF7C10A00F3FC0A /* RongCloudHybridAdapter.m */; };
		2EF894801DF7C10A00F3FC0A /* RongCloudModel.m in Sources */ = {isa = PBXBuildFile; fileRef = 2EF8947A1DF7C10A00F3FC0A /* RongCloudModel.m */; };
		2EF894911DF7C13600F3FC0A /* AgoraRtcEngineKit.framework in Frameworks */ = {isa = PBXBuildFile; fileRef = 2EF894811DF7C13600F3FC0A /* AgoraRtcEngineKit.framework */; };
		2EF894921DF7C13600F3FC0A /* Emoji.plist in Resources */ = {isa = PBXBuildFile; fileRef = 2EF894821DF7C13600F3FC0A /* Emoji.plist */; };
		2EF894931DF7C13600F3FC0A /* RongCloudKit.strings in Resources */ = {isa = PBXBuildFile; fileRef = 2EF894841DF7C13600F3FC0A /* RongCloudKit.strings */; };
		2EF894941DF7C13600F3FC0A /* libopencore-amrnb.a in Frameworks */ = {isa = PBXBuildFile; fileRef = 2EF894861DF7C13600F3FC0A /* libopencore-amrnb.a */; };
		2EF894951DF7C13600F3FC0A /* RCConfig.plist in Resources */ = {isa = PBXBuildFile; fileRef = 2EF894871DF7C13600F3FC0A /* RCConfig.plist */; };
		2EF894961DF7C13600F3FC0A /* RongCallKit.framework in Frameworks */ = {isa = PBXBuildFile; fileRef = 2EF894881DF7C13600F3FC0A /* RongCallKit.framework */; };
		2EF894971DF7C13600F3FC0A /* RongCallLib.framework in Frameworks */ = {isa = PBXBuildFile; fileRef = 2EF894891DF7C13600F3FC0A /* RongCallLib.framework */; };
		2EF894981DF7C13600F3FC0A /* RongCloud.bundle in Resources */ = {isa = PBXBuildFile; fileRef = 2EF8948A1DF7C13600F3FC0A /* RongCloud.bundle */; };
		2EF894991DF7C13600F3FC0A /* RongIMKit.framework in Frameworks */ = {isa = PBXBuildFile; fileRef = 2EF8948B1DF7C13600F3FC0A /* RongIMKit.framework */; };
		2EF8949A1DF7C13600F3FC0A /* RongIMLib.framework in Frameworks */ = {isa = PBXBuildFile; fileRef = 2EF8948C1DF7C13600F3FC0A /* RongIMLib.framework */; };
		2EF8949B1DF7C13600F3FC0A /* RongRTCEngine.framework in Frameworks */ = {isa = PBXBuildFile; fileRef = 2EF8948D1DF7C13600F3FC0A /* RongRTCEngine.framework */; };
		2EF8949C1DF7C13600F3FC0A /* RongCloudKit.strings in Resources */ = {isa = PBXBuildFile; fileRef = 2EF8948F1DF7C13600F3FC0A /* RongCloudKit.strings */; };
		527BCF7119C431480077631F /* main.m in Sources */ = {isa = PBXBuildFile; fileRef = 527BCF7019C431480077631F /* main.m */; };
		527BCF7419C431480077631F /* AppDelegate.m in Sources */ = {isa = PBXBuildFile; fileRef = 527BCF7319C431480077631F /* AppDelegate.m */; };
		527BCF7C19C431480077631F /* Images.xcassets in Resources */ = {isa = PBXBuildFile; fileRef = 527BCF7B19C431480077631F /* Images.xcassets */; };
		527BCFBA19C434100077631F /* libicucore.dylib in Frameworks */ = {isa = PBXBuildFile; fileRef = 527BCF9E19C4340F0077631F /* libicucore.dylib */; };
		527BCFBB19C434100077631F /* libstdc++.6.dylib in Frameworks */ = {isa = PBXBuildFile; fileRef = 527BCF9F19C4340F0077631F /* libstdc++.6.dylib */; };
		527BCFBC19C434100077631F /* libc++.dylib in Frameworks */ = {isa = PBXBuildFile; fileRef = 527BCFA019C4340F0077631F /* libc++.dylib */; };
		527BCFBD19C434100077631F /* libiconv.dylib in Frameworks */ = {isa = PBXBuildFile; fileRef = 527BCFA119C4340F0077631F /* libiconv.dylib */; };
		527BCFBE19C434100077631F /* libz.dylib in Frameworks */ = {isa = PBXBuildFile; fileRef = 527BCFA219C4340F0077631F /* libz.dylib */; };
		527BCFBF19C434100077631F /* libz.1.2.5.dylib in Frameworks */ = {isa = PBXBuildFile; fileRef = 527BCFA319C4340F0077631F /* libz.1.2.5.dylib */; };
		527BCFC019C434100077631F /* libsqlite3.dylib in Frameworks */ = {isa = PBXBuildFile; fileRef = 527BCFA419C4340F0077631F /* libsqlite3.dylib */; };
		527BCFC119C434100077631F /* CoreLocation.framework in Frameworks */ = {isa = PBXBuildFile; fileRef = 527BCFA519C4340F0077631F /* CoreLocation.framework */; };
		527BCFC219C434100077631F /* QuickLook.framework in Frameworks */ = {isa = PBXBuildFile; fileRef = 527BCFA619C4340F0077631F /* QuickLook.framework */; };
		527BCFC319C434100077631F /* ImageIO.framework in Frameworks */ = {isa = PBXBuildFile; fileRef = 527BCFA719C4340F0077631F /* ImageIO.framework */; };
		527BCFC419C434100077631F /* AssetsLibrary.framework in Frameworks */ = {isa = PBXBuildFile; fileRef = 527BCFA819C4340F0077631F /* AssetsLibrary.framework */; };
		527BCFC519C434100077631F /* CoreVideo.framework in Frameworks */ = {isa = PBXBuildFile; fileRef = 527BCFA919C4340F0077631F /* CoreVideo.framework */; };
		527BCFC619C434100077631F /* CoreMedia.framework in Frameworks */ = {isa = PBXBuildFile; fileRef = 527BCFAA19C4340F0077631F /* CoreMedia.framework */; };
		527BCFC719C434100077631F /* AudioToolbox.framework in Frameworks */ = {isa = PBXBuildFile; fileRef = 527BCFAB19C4340F0077631F /* AudioToolbox.framework */; };
		527BCFC819C434100077631F /* CoreTelephony.framework in Frameworks */ = {isa = PBXBuildFile; fileRef = 527BCFAC19C4340F0077631F /* CoreTelephony.framework */; };
		527BCFC919C434100077631F /* AVFoundation.framework in Frameworks */ = {isa = PBXBuildFile; fileRef = 527BCFAD19C4340F0077631F /* AVFoundation.framework */; };
		527BCFCA19C434100077631F /* MediaPlayer.framework in Frameworks */ = {isa = PBXBuildFile; fileRef = 527BCFAE19C4340F0077631F /* MediaPlayer.framework */; };
		527BCFCB19C434100077631F /* AddressBook.framework in Frameworks */ = {isa = PBXBuildFile; fileRef = 527BCFAF19C4340F0077631F /* AddressBook.framework */; };
		527BCFCC19C434100077631F /* AddressBookUI.framework in Frameworks */ = {isa = PBXBuildFile; fileRef = 527BCFB019C4340F0077631F /* AddressBookUI.framework */; };
		527BCFCD19C434100077631F /* Security.framework in Frameworks */ = {isa = PBXBuildFile; fileRef = 527BCFB119C4340F0077631F /* Security.framework */; };
		527BCFCE19C434100077631F /* SystemConfiguration.framework in Frameworks */ = {isa = PBXBuildFile; fileRef = 527BCFB219C4340F0077631F /* SystemConfiguration.framework */; };
		527BCFCF19C434100077631F /* CFNetwork.framework in Frameworks */ = {isa = PBXBuildFile; fileRef = 527BCFB319C4340F0077631F /* CFNetwork.framework */; };
		527BCFD019C434100077631F /* MobileCoreServices.framework in Frameworks */ = {isa = PBXBuildFile; fileRef = 527BCFB419C4340F0077631F /* MobileCoreServices.framework */; };
		527BCFD119C434100077631F /* MessageUI.framework in Frameworks */ = {isa = PBXBuildFile; fileRef = 527BCFB519C4340F0077631F /* MessageUI.framework */; };
		527BCFD219C434100077631F /* Foundation.framework in Frameworks */ = {isa = PBXBuildFile; fileRef = 527BCFB619C4340F0077631F /* Foundation.framework */; };
		527BCFD319C434100077631F /* CoreGraphics.framework in Frameworks */ = {isa = PBXBuildFile; fileRef = 527BCFB719C434100077631F /* CoreGraphics.framework */; };
		527BCFD419C434100077631F /* UIKit.framework in Frameworks */ = {isa = PBXBuildFile; fileRef = 527BCFB819C434100077631F /* UIKit.framework */; };
		527BCFD519C434100077631F /* CoreData.framework in Frameworks */ = {isa = PBXBuildFile; fileRef = 527BCFB919C434100077631F /* CoreData.framework */; };
		527BCFF519C4346B0077631F /* uz in Resources */ = {isa = PBXBuildFile; fileRef = 527BCFF319C4346B0077631F /* uz */; };
		527BCFF619C4346B0077631F /* widget in Resources */ = {isa = PBXBuildFile; fileRef = 527BCFF419C4346B0077631F /* widget */; };
		52E21F2119C947A700A84D54 /* libUZEngine.a in Frameworks */ = {isa = PBXBuildFile; fileRef = 52E21F2019C947A700A84D54 /* libUZEngine.a */; };
		52F1035C19F0EA6200DFDF13 /* libbz2.dylib in Frameworks */ = {isa = PBXBuildFile; fileRef = 52F1035B19F0EA6200DFDF13 /* libbz2.dylib */; };
		52F1035E19F0EA6700DFDF13 /* libxml2.dylib in Frameworks */ = {isa = PBXBuildFile; fileRef = 52F1035D19F0EA6700DFDF13 /* libxml2.dylib */; };
		A6B861DB1D4F1CF7005B4945 /* VideoToolbox.framework in Frameworks */ = {isa = PBXBuildFile; fileRef = A6B861DA1D4F1CF7005B4945 /* VideoToolbox.framework */; };
/* End PBXBuildFile section */

/* Begin PBXFileReference section */
		2EF8946E1DF7C10A00F3FC0A /* RCDCustomerServiceViewController.h */ = {isa = PBXFileReference; fileEncoding = 4; lastKnownFileType = sourcecode.c.h; name = RCDCustomerServiceViewController.h; path = UZModules/RCDCustomerServiceViewController.h; sourceTree = "<group>"; };
		2EF8946F1DF7C10A00F3FC0A /* RCDCustomerServiceViewController.m */ = {isa = PBXFileReference; fileEncoding = 4; lastKnownFileType = sourcecode.c.objc; name = RCDCustomerServiceViewController.m; path = UZModules/RCDCustomerServiceViewController.m; sourceTree = "<group>"; };
		2EF894701DF7C10A00F3FC0A /* RongCloud.h */ = {isa = PBXFileReference; fileEncoding = 4; lastKnownFileType = sourcecode.c.h; name = RongCloud.h; path = UZModules/RongCloud.h; sourceTree = "<group>"; };
		2EF894711DF7C10A00F3FC0A /* RongCloud.m */ = {isa = PBXFileReference; fileEncoding = 4; lastKnownFileType = sourcecode.c.objc; name = RongCloud.m; path = UZModules/RongCloud.m; sourceTree = "<group>"; };
		2EF894721DF7C10A00F3FC0A /* RongCloudApplicationHandler.h */ = {isa = PBXFileReference; fileEncoding = 4; lastKnownFileType = sourcecode.c.h; name = RongCloudApplicationHandler.h; path = UZModules/RongCloudApplicationHandler.h; sourceTree = "<group>"; };
		2EF894731DF7C10A00F3FC0A /* RongCloudApplicationHandler.m */ = {isa = PBXFileReference; fileEncoding = 4; lastKnownFileType = sourcecode.c.objc; name = RongCloudApplicationHandler.m; path = UZModules/RongCloudApplicationHandler.m; sourceTree = "<group>"; };
		2EF894741DF7C10A00F3FC0A /* RongCloudConstant.h */ = {isa = PBXFileReference; fileEncoding = 4; lastKnownFileType = sourcecode.c.h; name = RongCloudConstant.h; path = UZModules/RongCloudConstant.h; sourceTree = "<group>"; };
		2EF894751DF7C10A00F3FC0A /* RongCloudHandler.h */ = {isa = PBXFileReference; fileEncoding = 4; lastKnownFileType = sourcecode.c.h; name = RongCloudHandler.h; path = UZModules/RongCloudHandler.h; sourceTree = "<group>"; };
		2EF894761DF7C10A00F3FC0A /* RongCloudHandler.m */ = {isa = PBXFileReference; fileEncoding = 4; lastKnownFileType = sourcecode.c.objc; name = RongCloudHandler.m; path = UZModules/RongCloudHandler.m; sourceTree = "<group>"; };
		2EF894771DF7C10A00F3FC0A /* RongCloudHybridAdapter.h */ = {isa = PBXFileReference; fileEncoding = 4; lastKnownFileType = sourcecode.c.h; name = RongCloudHybridAdapter.h; path = UZModules/RongCloudHybridAdapter.h; sourceTree = "<group>"; };
		2EF894781DF7C10A00F3FC0A /* RongCloudHybridAdapter.m */ = {isa = PBXFileReference; fileEncoding = 4; lastKnownFileType = sourcecode.c.objc; name = RongCloudHybridAdapter.m; path = UZModules/RongCloudHybridAdapter.m; sourceTree = "<group>"; };
		2EF894791DF7C10A00F3FC0A /* RongCloudModel.h */ = {isa = PBXFileReference; fileEncoding = 4; lastKnownFileType = sourcecode.c.h; name = RongCloudModel.h; path = UZModules/RongCloudModel.h; sourceTree = "<group>"; };
		2EF8947A1DF7C10A00F3FC0A /* RongCloudModel.m */ = {isa = PBXFileReference; fileEncoding = 4; lastKnownFileType = sourcecode.c.objc; name = RongCloudModel.m; path = UZModules/RongCloudModel.m; sourceTree = "<group>"; };
		2EF894811DF7C13600F3FC0A /* AgoraRtcEngineKit.framework */ = {isa = PBXFileReference; lastKnownFileType = wrapper.framework; name = AgoraRtcEngineKit.framework; path = UZApp/RongCloudLib/AgoraRtcEngineKit.framework; sourceTree = "<group>"; };
		2EF894821DF7C13600F3FC0A /* Emoji.plist */ = {isa = PBXFileReference; fileEncoding = 4; lastKnownFileType = text.plist.xml; name = Emoji.plist; path = UZApp/RongCloudLib/Emoji.plist; sourceTree = "<group>"; };
		2EF894851DF7C13600F3FC0A /* en */ = {isa = PBXFileReference; lastKnownFileType = text.plist.strings; name = en; path = RongCloudKit.strings; sourceTree = "<group>"; };
		2EF894861DF7C13600F3FC0A /* libopencore-amrnb.a */ = {isa = PBXFileReference; lastKnownFileType = archive.ar; name = "libopencore-amrnb.a"; path = "UZApp/RongCloudLib/libopencore-amrnb.a"; sourceTree = "<group>"; };
		2EF894871DF7C13600F3FC0A /* RCConfig.plist */ = {isa = PBXFileReference; fileEncoding = 4; lastKnownFileType = text.plist.xml; name = RCConfig.plist; path = UZApp/RongCloudLib/RCConfig.plist; sourceTree = "<group>"; };
		2EF894881DF7C13600F3FC0A /* RongCallKit.framework */ = {isa = PBXFileReference; lastKnownFileType = wrapper.framework; name = RongCallKit.framework; path = UZApp/RongCloudLib/RongCallKit.framework; sourceTree = "<group>"; };
		2EF894891DF7C13600F3FC0A /* RongCallLib.framework */ = {isa = PBXFileReference; lastKnownFileType = wrapper.framework; name = RongCallLib.framework; path = UZApp/RongCloudLib/RongCallLib.framework; sourceTree = "<group>"; };
		2EF8948A1DF7C13600F3FC0A /* RongCloud.bundle */ = {isa = PBXFileReference; lastKnownFileType = "wrapper.plug-in"; name = RongCloud.bundle; path = UZApp/RongCloudLib/RongCloud.bundle; sourceTree = "<group>"; };
		2EF8948B1DF7C13600F3FC0A /* RongIMKit.framework */ = {isa = PBXFileReference; lastKnownFileType = wrapper.framework; name = RongIMKit.framework; path = UZApp/RongCloudLib/RongIMKit.framework; sourceTree = "<group>"; };
		2EF8948C1DF7C13600F3FC0A /* RongIMLib.framework */ = {isa = PBXFileReference; lastKnownFileType = wrapper.framework; name = RongIMLib.framework; path = UZApp/RongCloudLib/RongIMLib.framework; sourceTree = "<group>"; };
		2EF8948D1DF7C13600F3FC0A /* RongRTCEngine.framework */ = {isa = PBXFileReference; lastKnownFileType = wrapper.framework; name = RongRTCEngine.framework; path = UZApp/RongCloudLib/RongRTCEngine.framework; sourceTree = "<group>"; };
		2EF894901DF7C13600F3FC0A /* zh-Hans */ = {isa = PBXFileReference; lastKnownFileType = text.plist.strings; name = "zh-Hans"; path = RongCloudKit.strings; sourceTree = "<group>"; };
		5258E3F719D442CB000EE496 /* UZAppUtils.h */ = {isa = PBXFileReference; fileEncoding = 4; lastKnownFileType = sourcecode.c.h; path = UZAppUtils.h; sourceTree = "<group>"; };
		5258E3F819D442CB000EE496 /* UZModule.h */ = {isa = PBXFileReference; fileEncoding = 4; lastKnownFileType = sourcecode.c.h; path = UZModule.h; sourceTree = "<group>"; };
		527BCF6B19C431480077631F /* ApiCloudDemo.app */ = {isa = PBXFileReference; explicitFileType = wrapper.application; includeInIndex = 0; path = ApiCloudDemo.app; sourceTree = BUILT_PRODUCTS_DIR; };
		527BCF6F19C431480077631F /* Info.plist */ = {isa = PBXFileReference; lastKnownFileType = text.plist.xml; path = Info.plist; sourceTree = "<group>"; };
		527BCF7019C431480077631F /* main.m */ = {isa = PBXFileReference; lastKnownFileType = sourcecode.c.objc; path = main.m; sourceTree = "<group>"; };
		527BCF7219C431480077631F /* AppDelegate.h */ = {isa = PBXFileReference; lastKnownFileType = sourcecode.c.h; path = AppDelegate.h; sourceTree = "<group>"; };
		527BCF7319C431480077631F /* AppDelegate.m */ = {isa = PBXFileReference; lastKnownFileType = sourcecode.c.objc; path = AppDelegate.m; sourceTree = "<group>"; };
		527BCF7B19C431480077631F /* Images.xcassets */ = {isa = PBXFileReference; lastKnownFileType = folder.assetcatalog; path = Images.xcassets; sourceTree = "<group>"; };
		527BCF9819C4339B0077631F /* UZAppDelegate.h */ = {isa = PBXFileReference; fileEncoding = 4; lastKnownFileType = sourcecode.c.h; path = UZAppDelegate.h; sourceTree = "<group>"; };
		527BCF9E19C4340F0077631F /* libicucore.dylib */ = {isa = PBXFileReference; lastKnownFileType = "compiled.mach-o.dylib"; name = libicucore.dylib; path = usr/lib/libicucore.dylib; sourceTree = SDKROOT; };
		527BCF9F19C4340F0077631F /* libstdc++.6.dylib */ = {isa = PBXFileReference; lastKnownFileType = "compiled.mach-o.dylib"; name = "libstdc++.6.dylib"; path = "usr/lib/libstdc++.6.dylib"; sourceTree = SDKROOT; };
		527BCFA019C4340F0077631F /* libc++.dylib */ = {isa = PBXFileReference; lastKnownFileType = "compiled.mach-o.dylib"; name = "libc++.dylib"; path = "usr/lib/libc++.dylib"; sourceTree = SDKROOT; };
		527BCFA119C4340F0077631F /* libiconv.dylib */ = {isa = PBXFileReference; lastKnownFileType = "compiled.mach-o.dylib"; name = libiconv.dylib; path = usr/lib/libiconv.dylib; sourceTree = SDKROOT; };
		527BCFA219C4340F0077631F /* libz.dylib */ = {isa = PBXFileReference; lastKnownFileType = "compiled.mach-o.dylib"; name = libz.dylib; path = usr/lib/libz.dylib; sourceTree = SDKROOT; };
		527BCFA319C4340F0077631F /* libz.1.2.5.dylib */ = {isa = PBXFileReference; lastKnownFileType = "compiled.mach-o.dylib"; name = libz.1.2.5.dylib; path = usr/lib/libz.1.2.5.dylib; sourceTree = SDKROOT; };
		527BCFA419C4340F0077631F /* libsqlite3.dylib */ = {isa = PBXFileReference; lastKnownFileType = "compiled.mach-o.dylib"; name = libsqlite3.dylib; path = usr/lib/libsqlite3.dylib; sourceTree = SDKROOT; };
		527BCFA519C4340F0077631F /* CoreLocation.framework */ = {isa = PBXFileReference; lastKnownFileType = wrapper.framework; name = CoreLocation.framework; path = System/Library/Frameworks/CoreLocation.framework; sourceTree = SDKROOT; };
		527BCFA619C4340F0077631F /* QuickLook.framework */ = {isa = PBXFileReference; lastKnownFileType = wrapper.framework; name = QuickLook.framework; path = System/Library/Frameworks/QuickLook.framework; sourceTree = SDKROOT; };
		527BCFA719C4340F0077631F /* ImageIO.framework */ = {isa = PBXFileReference; lastKnownFileType = wrapper.framework; name = ImageIO.framework; path = System/Library/Frameworks/ImageIO.framework; sourceTree = SDKROOT; };
		527BCFA819C4340F0077631F /* AssetsLibrary.framework */ = {isa = PBXFileReference; lastKnownFileType = wrapper.framework; name = AssetsLibrary.framework; path = System/Library/Frameworks/AssetsLibrary.framework; sourceTree = SDKROOT; };
		527BCFA919C4340F0077631F /* CoreVideo.framework */ = {isa = PBXFileReference; lastKnownFileType = wrapper.framework; name = CoreVideo.framework; path = System/Library/Frameworks/CoreVideo.framework; sourceTree = SDKROOT; };
		527BCFAA19C4340F0077631F /* CoreMedia.framework */ = {isa = PBXFileReference; lastKnownFileType = wrapper.framework; name = CoreMedia.framework; path = System/Library/Frameworks/CoreMedia.framework; sourceTree = SDKROOT; };
		527BCFAB19C4340F0077631F /* AudioToolbox.framework */ = {isa = PBXFileReference; lastKnownFileType = wrapper.framework; name = AudioToolbox.framework; path = System/Library/Frameworks/AudioToolbox.framework; sourceTree = SDKROOT; };
		527BCFAC19C4340F0077631F /* CoreTelephony.framework */ = {isa = PBXFileReference; lastKnownFileType = wrapper.framework; name = CoreTelephony.framework; path = System/Library/Frameworks/CoreTelephony.framework; sourceTree = SDKROOT; };
		527BCFAD19C4340F0077631F /* AVFoundation.framework */ = {isa = PBXFileReference; lastKnownFileType = wrapper.framework; name = AVFoundation.framework; path = System/Library/Frameworks/AVFoundation.framework; sourceTree = SDKROOT; };
		527BCFAE19C4340F0077631F /* MediaPlayer.framework */ = {isa = PBXFileReference; lastKnownFileType = wrapper.framework; name = MediaPlayer.framework; path = System/Library/Frameworks/MediaPlayer.framework; sourceTree = SDKROOT; };
		527BCFAF19C4340F0077631F /* AddressBook.framework */ = {isa = PBXFileReference; lastKnownFileType = wrapper.framework; name = AddressBook.framework; path = System/Library/Frameworks/AddressBook.framework; sourceTree = SDKROOT; };
		527BCFB019C4340F0077631F /* AddressBookUI.framework */ = {isa = PBXFileReference; lastKnownFileType = wrapper.framework; name = AddressBookUI.framework; path = System/Library/Frameworks/AddressBookUI.framework; sourceTree = SDKROOT; };
		527BCFB119C4340F0077631F /* Security.framework */ = {isa = PBXFileReference; lastKnownFileType = wrapper.framework; name = Security.framework; path = System/Library/Frameworks/Security.framework; sourceTree = SDKROOT; };
		527BCFB219C4340F0077631F /* SystemConfiguration.framework */ = {isa = PBXFileReference; lastKnownFileType = wrapper.framework; name = SystemConfiguration.framework; path = System/Library/Frameworks/SystemConfiguration.framework; sourceTree = SDKROOT; };
		527BCFB319C4340F0077631F /* CFNetwork.framework */ = {isa = PBXFileReference; lastKnownFileType = wrapper.framework; name = CFNetwork.framework; path = System/Library/Frameworks/CFNetwork.framework; sourceTree = SDKROOT; };
		527BCFB419C4340F0077631F /* MobileCoreServices.framework */ = {isa = PBXFileReference; lastKnownFileType = wrapper.framework; name = MobileCoreServices.framework; path = System/Library/Frameworks/MobileCoreServices.framework; sourceTree = SDKROOT; };
		527BCFB519C4340F0077631F /* MessageUI.framework */ = {isa = PBXFileReference; lastKnownFileType = wrapper.framework; name = MessageUI.framework; path = System/Library/Frameworks/MessageUI.framework; sourceTree = SDKROOT; };
		527BCFB619C4340F0077631F /* Foundation.framework */ = {isa = PBXFileReference; lastKnownFileType = wrapper.framework; name = Foundation.framework; path = System/Library/Frameworks/Foundation.framework; sourceTree = SDKROOT; };
		527BCFB719C434100077631F /* CoreGraphics.framework */ = {isa = PBXFileReference; lastKnownFileType = wrapper.framework; name = CoreGraphics.framework; path = System/Library/Frameworks/CoreGraphics.framework; sourceTree = SDKROOT; };
		527BCFB819C434100077631F /* UIKit.framework */ = {isa = PBXFileReference; lastKnownFileType = wrapper.framework; name = UIKit.framework; path = System/Library/Frameworks/UIKit.framework; sourceTree = SDKROOT; };
		527BCFB919C434100077631F /* CoreData.framework */ = {isa = PBXFileReference; lastKnownFileType = wrapper.framework; name = CoreData.framework; path = System/Library/Frameworks/CoreData.framework; sourceTree = SDKROOT; };
		527BCFF319C4346B0077631F /* uz */ = {isa = PBXFileReference; lastKnownFileType = folder; path = uz; sourceTree = "<group>"; };
		527BCFF419C4346B0077631F /* widget */ = {isa = PBXFileReference; lastKnownFileType = folder; path = widget; sourceTree = "<group>"; };
		52D502201ACBC47C00648655 /* NSDictionaryUtils.h */ = {isa = PBXFileReference; fileEncoding = 4; lastKnownFileType = sourcecode.c.h; path = NSDictionaryUtils.h; sourceTree = "<group>"; };
		52E21F2019C947A700A84D54 /* libUZEngine.a */ = {isa = PBXFileReference; lastKnownFileType = archive.ar; path = libUZEngine.a; sourceTree = "<group>"; };
		52F1035B19F0EA6200DFDF13 /* libbz2.dylib */ = {isa = PBXFileReference; lastKnownFileType = "compiled.mach-o.dylib"; name = libbz2.dylib; path = usr/lib/libbz2.dylib; sourceTree = SDKROOT; };
		52F1035D19F0EA6700DFDF13 /* libxml2.dylib */ = {isa = PBXFileReference; lastKnownFileType = "compiled.mach-o.dylib"; name = libxml2.dylib; path = usr/lib/libxml2.dylib; sourceTree = SDKROOT; };
		A6B861DA1D4F1CF7005B4945 /* VideoToolbox.framework */ = {isa = PBXFileReference; lastKnownFileType = wrapper.framework; name = VideoToolbox.framework; path = System/Library/Frameworks/VideoToolbox.framework; sourceTree = SDKROOT; };
		A6B861DF1D4F24AE005B4945 /* PrefixHeader.pch */ = {isa = PBXFileReference; fileEncoding = 4; lastKnownFileType = sourcecode.c.h; path = PrefixHeader.pch; sourceTree = "<group>"; };
/* End PBXFileReference section */

/* Begin PBXFrameworksBuildPhase section */
		527BCF6819C431480077631F /* Frameworks */ = {
			isa = PBXFrameworksBuildPhase;
			buildActionMask = 2147483647;
			files = (
				2EF8949A1DF7C13600F3FC0A /* RongIMLib.framework in Frameworks */,
				A6B861DB1D4F1CF7005B4945 /* VideoToolbox.framework in Frameworks */,
				527BCFBA19C434100077631F /* libicucore.dylib in Frameworks */,
				527BCFBB19C434100077631F /* libstdc++.6.dylib in Frameworks */,
				527BCFBC19C434100077631F /* libc++.dylib in Frameworks */,
				2EF894961DF7C13600F3FC0A /* RongCallKit.framework in Frameworks */,
				527BCFBD19C434100077631F /* libiconv.dylib in Frameworks */,
				527BCFBE19C434100077631F /* libz.dylib in Frameworks */,
				527BCFBF19C434100077631F /* libz.1.2.5.dylib in Frameworks */,
				2EF894941DF7C13600F3FC0A /* libopencore-amrnb.a in Frameworks */,
				2EF8949B1DF7C13600F3FC0A /* RongRTCEngine.framework in Frameworks */,
				527BCFC019C434100077631F /* libsqlite3.dylib in Frameworks */,
				527BCFC119C434100077631F /* CoreLocation.framework in Frameworks */,
				2EF894911DF7C13600F3FC0A /* AgoraRtcEngineKit.framework in Frameworks */,
				527BCFC219C434100077631F /* QuickLook.framework in Frameworks */,
				527BCFC319C434100077631F /* ImageIO.framework in Frameworks */,
				2EF894971DF7C13600F3FC0A /* RongCallLib.framework in Frameworks */,
				527BCFC419C434100077631F /* AssetsLibrary.framework in Frameworks */,
				527BCFC519C434100077631F /* CoreVideo.framework in Frameworks */,
				527BCFC619C434100077631F /* CoreMedia.framework in Frameworks */,
				527BCFC719C434100077631F /* AudioToolbox.framework in Frameworks */,
				527BCFC819C434100077631F /* CoreTelephony.framework in Frameworks */,
				52F1035C19F0EA6200DFDF13 /* libbz2.dylib in Frameworks */,
				527BCFC919C434100077631F /* AVFoundation.framework in Frameworks */,
				527BCFCA19C434100077631F /* MediaPlayer.framework in Frameworks */,
				52F1035E19F0EA6700DFDF13 /* libxml2.dylib in Frameworks */,
				527BCFCB19C434100077631F /* AddressBook.framework in Frameworks */,
				527BCFCC19C434100077631F /* AddressBookUI.framework in Frameworks */,
				527BCFCD19C434100077631F /* Security.framework in Frameworks */,
				527BCFCE19C434100077631F /* SystemConfiguration.framework in Frameworks */,
				527BCFCF19C434100077631F /* CFNetwork.framework in Frameworks */,
				527BCFD019C434100077631F /* MobileCoreServices.framework in Frameworks */,
				52E21F2119C947A700A84D54 /* libUZEngine.a in Frameworks */,
				527BCFD119C434100077631F /* MessageUI.framework in Frameworks */,
				527BCFD219C434100077631F /* Foundation.framework in Frameworks */,
				527BCFD319C434100077631F /* CoreGraphics.framework in Frameworks */,
				2EF894991DF7C13600F3FC0A /* RongIMKit.framework in Frameworks */,
				527BCFD419C434100077631F /* UIKit.framework in Frameworks */,
				527BCFD519C434100077631F /* CoreData.framework in Frameworks */,
			);
			runOnlyForDeploymentPostprocessing = 0;
		};
/* End PBXFrameworksBuildPhase section */

/* Begin PBXGroup section */
		2EF894831DF7C13600F3FC0A /* en.lproj */ = {
			isa = PBXGroup;
			children = (
				2EF894841DF7C13600F3FC0A /* RongCloudKit.strings */,
			);
			name = en.lproj;
			path = UZApp/RongCloudLib/en.lproj;
			sourceTree = "<group>";
		};
		2EF8948E1DF7C13600F3FC0A /* zh-Hans.lproj */ = {
			isa = PBXGroup;
			children = (
				2EF8948F1DF7C13600F3FC0A /* RongCloudKit.strings */,
			);
			name = "zh-Hans.lproj";
			path = "UZApp/RongCloudLib/zh-Hans.lproj";
			sourceTree = "<group>";
		};
		527BCF6219C431480077631F = {
			isa = PBXGroup;
			children = (
				527BCF6D19C431480077631F /* UZApp */,
				527BCFD619C434200077631F /* Frameworks */,
				527BCF6C19C431480077631F /* Products */,
			);
			sourceTree = "<group>";
		};
		527BCF6C19C431480077631F /* Products */ = {
			isa = PBXGroup;
			children = (
				527BCF6B19C431480077631F /* ApiCloudDemo.app */,
			);
			name = Products;
			sourceTree = "<group>";
		};
		527BCF6D19C431480077631F /* UZApp */ = {
			isa = PBXGroup;
			children = (
				A66887831BB5371D0076A7C9 /* UZModules */,
				527BCF9619C4339B0077631F /* UZEngine */,
				527BCF7219C431480077631F /* AppDelegate.h */,
				527BCF7319C431480077631F /* AppDelegate.m */,
				A6B861DF1D4F24AE005B4945 /* PrefixHeader.pch */,
				527BCF7B19C431480077631F /* Images.xcassets */,
				527BCF6E19C431480077631F /* Supporting Files */,
			);
			path = UZApp;
			sourceTree = "<group>";
		};
		527BCF6E19C431480077631F /* Supporting Files */ = {
			isa = PBXGroup;
			children = (
				527BCFF319C4346B0077631F /* uz */,
				527BCFF419C4346B0077631F /* widget */,
				527BCF6F19C431480077631F /* Info.plist */,
				527BCF7019C431480077631F /* main.m */,
			);
			name = "Supporting Files";
			sourceTree = "<group>";
		};
		527BCF9619C4339B0077631F /* UZEngine */ = {
			isa = PBXGroup;
			children = (
				52E21F2019C947A700A84D54 /* libUZEngine.a */,
				527BCF9819C4339B0077631F /* UZAppDelegate.h */,
				5258E3F719D442CB000EE496 /* UZAppUtils.h */,
				52D502201ACBC47C00648655 /* NSDictionaryUtils.h */,
				5258E3F819D442CB000EE496 /* UZModule.h */,
			);
			path = UZEngine;
			sourceTree = "<group>";
		};
		527BCFD619C434200077631F /* Frameworks */ = {
			isa = PBXGroup;
			children = (
				2EF894811DF7C13600F3FC0A /* AgoraRtcEngineKit.framework */,
				2EF894821DF7C13600F3FC0A /* Emoji.plist */,
				2EF894831DF7C13600F3FC0A /* en.lproj */,
				2EF894861DF7C13600F3FC0A /* libopencore-amrnb.a */,
				2EF894871DF7C13600F3FC0A /* RCConfig.plist */,
				2EF894881DF7C13600F3FC0A /* RongCallKit.framework */,
				2EF894891DF7C13600F3FC0A /* RongCallLib.framework */,
				2EF8948A1DF7C13600F3FC0A /* RongCloud.bundle */,
				2EF8948B1DF7C13600F3FC0A /* RongIMKit.framework */,
				2EF8948C1DF7C13600F3FC0A /* RongIMLib.framework */,
				2EF8948D1DF7C13600F3FC0A /* RongRTCEngine.framework */,
				2EF8948E1DF7C13600F3FC0A /* zh-Hans.lproj */,
				A6B861DA1D4F1CF7005B4945 /* VideoToolbox.framework */,
				527BCF9E19C4340F0077631F /* libicucore.dylib */,
				527BCF9F19C4340F0077631F /* libstdc++.6.dylib */,
				527BCFA019C4340F0077631F /* libc++.dylib */,
				527BCFA119C4340F0077631F /* libiconv.dylib */,
				527BCFA219C4340F0077631F /* libz.dylib */,
				527BCFA319C4340F0077631F /* libz.1.2.5.dylib */,
				527BCFA419C4340F0077631F /* libsqlite3.dylib */,
				52F1035B19F0EA6200DFDF13 /* libbz2.dylib */,
				52F1035D19F0EA6700DFDF13 /* libxml2.dylib */,
				527BCFA519C4340F0077631F /* CoreLocation.framework */,
				527BCFA619C4340F0077631F /* QuickLook.framework */,
				527BCFA719C4340F0077631F /* ImageIO.framework */,
				527BCFA819C4340F0077631F /* AssetsLibrary.framework */,
				527BCFA919C4340F0077631F /* CoreVideo.framework */,
				527BCFAA19C4340F0077631F /* CoreMedia.framework */,
				527BCFAB19C4340F0077631F /* AudioToolbox.framework */,
				527BCFAC19C4340F0077631F /* CoreTelephony.framework */,
				527BCFAD19C4340F0077631F /* AVFoundation.framework */,
				527BCFAE19C4340F0077631F /* MediaPlayer.framework */,
				527BCFAF19C4340F0077631F /* AddressBook.framework */,
				527BCFB019C4340F0077631F /* AddressBookUI.framework */,
				527BCFB119C4340F0077631F /* Security.framework */,
				527BCFB219C4340F0077631F /* SystemConfiguration.framework */,
				527BCFB319C4340F0077631F /* CFNetwork.framework */,
				527BCFB419C4340F0077631F /* MobileCoreServices.framework */,
				527BCFB519C4340F0077631F /* MessageUI.framework */,
				527BCFB619C4340F0077631F /* Foundation.framework */,
				527BCFB719C434100077631F /* CoreGraphics.framework */,
				527BCFB819C434100077631F /* UIKit.framework */,
				527BCFB919C434100077631F /* CoreData.framework */,
			);
			name = Frameworks;
			sourceTree = "<group>";
		};
		A66887831BB5371D0076A7C9 /* UZModules */ = {
			isa = PBXGroup;
			children = (
				2EF8946E1DF7C10A00F3FC0A /* RCDCustomerServiceViewController.h */,
				2EF8946F1DF7C10A00F3FC0A /* RCDCustomerServiceViewController.m */,
				2EF894701DF7C10A00F3FC0A /* RongCloud.h */,
				2EF894711DF7C10A00F3FC0A /* RongCloud.m */,
				2EF894721DF7C10A00F3FC0A /* RongCloudApplicationHandler.h */,
				2EF894731DF7C10A00F3FC0A /* RongCloudApplicationHandler.m */,
				2EF894741DF7C10A00F3FC0A /* RongCloudConstant.h */,
				2EF894751DF7C10A00F3FC0A /* RongCloudHandler.h */,
				2EF894761DF7C10A00F3FC0A /* RongCloudHandler.m */,
				2EF894771DF7C10A00F3FC0A /* RongCloudHybridAdapter.h */,
				2EF894781DF7C10A00F3FC0A /* RongCloudHybridAdapter.m */,
				2EF894791DF7C10A00F3FC0A /* RongCloudModel.h */,
				2EF8947A1DF7C10A00F3FC0A /* RongCloudModel.m */,
			);
			name = UZModules;
			sourceTree = "<group>";
		};
/* End PBXGroup section */

/* Begin PBXNativeTarget section */
		527BCF6A19C431480077631F /* ApiCloudDemo */ = {
			isa = PBXNativeTarget;
			buildConfigurationList = 527BCF8E19C431480077631F /* Build configuration list for PBXNativeTarget "ApiCloudDemo" */;
			buildPhases = (
				527BCF6719C431480077631F /* Sources */,
				527BCF6819C431480077631F /* Frameworks */,
				527BCF6919C431480077631F /* Resources */,
			);
			buildRules = (
			);
			dependencies = (
			);
			name = ApiCloudDemo;
			productName = UZApp;
			productReference = 527BCF6B19C431480077631F /* ApiCloudDemo.app */;
			productType = "com.apple.product-type.application";
		};
/* End PBXNativeTarget section */

/* Begin PBXProject section */
		527BCF6319C431480077631F /* Project object */ = {
			isa = PBXProject;
			attributes = {
				LastUpgradeCheck = 0600;
				ORGANIZATIONNAME = APICloud;
				TargetAttributes = {
					527BCF6A19C431480077631F = {
						CreatedOnToolsVersion = 6.0;
						DevelopmentTeam = 9CVMN4UZK4;
						DevelopmentTeamName = "Beijing Rong Cloud Network Technology CO., LTD";
						ProvisioningStyle = Automatic;
						SystemCapabilities = {
							com.apple.BackgroundModes = {
								enabled = 1;
							};
						};
					};
				};
			};
			buildConfigurationList = 527BCF6619C431480077631F /* Build configuration list for PBXProject "ApiCloudDemo" */;
			compatibilityVersion = "Xcode 3.2";
			developmentRegion = English;
			hasScannedForEncodings = 0;
			knownRegions = (
				en,
				Base,
				"zh-Hans",
			);
			mainGroup = 527BCF6219C431480077631F;
			productRefGroup = 527BCF6C19C431480077631F /* Products */;
			projectDirPath = "";
			projectRoot = "";
			targets = (
				527BCF6A19C431480077631F /* ApiCloudDemo */,
			);
		};
/* End PBXProject section */

/* Begin PBXResourcesBuildPhase section */
		527BCF6919C431480077631F /* Resources */ = {
			isa = PBXResourcesBuildPhase;
			buildActionMask = 2147483647;
			files = (
				2EF894981DF7C13600F3FC0A /* RongCloud.bundle in Resources */,
				2EF8949C1DF7C13600F3FC0A /* RongCloudKit.strings in Resources */,
				527BCFF519C4346B0077631F /* uz in Resources */,
				2EF894921DF7C13600F3FC0A /* Emoji.plist in Resources */,
				527BCFF619C4346B0077631F /* widget in Resources */,
				2EF894951DF7C13600F3FC0A /* RCConfig.plist in Resources */,
				2EF894931DF7C13600F3FC0A /* RongCloudKit.strings in Resources */,
				527BCF7C19C431480077631F /* Images.xcassets in Resources */,
			);
			runOnlyForDeploymentPostprocessing = 0;
		};
/* End PBXResourcesBuildPhase section */

/* Begin PBXSourcesBuildPhase section */
		527BCF6719C431480077631F /* Sources */ = {
			isa = PBXSourcesBuildPhase;
			buildActionMask = 2147483647;
			files = (
				2EF8947D1DF7C10A00F3FC0A /* RongCloudApplicationHandler.m in Sources */,
				2EF8947C1DF7C10A00F3FC0A /* RongCloud.m in Sources */,
				2EF8947F1DF7C10A00F3FC0A /* RongCloudHybridAdapter.m in Sources */,
				2EF894801DF7C10A00F3FC0A /* RongCloudModel.m in Sources */,
				527BCF7419C431480077631F /* AppDelegate.m in Sources */,
				2EF8947B1DF7C10A00F3FC0A /* RCDCustomerServiceViewController.m in Sources */,
				2EF8947E1DF7C10A00F3FC0A /* RongCloudHandler.m in Sources */,
				527BCF7119C431480077631F /* main.m in Sources */,
			);
			runOnlyForDeploymentPostprocessing = 0;
		};
/* End PBXSourcesBuildPhase section */

/* Begin PBXVariantGroup section */
		2EF894841DF7C13600F3FC0A /* RongCloudKit.strings */ = {
			isa = PBXVariantGroup;
			children = (
				2EF894851DF7C13600F3FC0A /* en */,
			);
			name = RongCloudKit.strings;
			sourceTree = "<group>";
		};
		2EF8948F1DF7C13600F3FC0A /* RongCloudKit.strings */ = {
			isa = PBXVariantGroup;
			children = (
				2EF894901DF7C13600F3FC0A /* zh-Hans */,
			);
			name = RongCloudKit.strings;
			sourceTree = "<group>";
		};
/* End PBXVariantGroup section */

/* Begin XCBuildConfiguration section */
		527BCF8C19C431480077631F /* Debug */ = {
			isa = XCBuildConfiguration;
			buildSettings = {
				ALWAYS_SEARCH_USER_PATHS = NO;
				CLANG_CXX_LANGUAGE_STANDARD = "gnu++0x";
				CLANG_CXX_LIBRARY = "libc++";
				CLANG_ENABLE_MODULES = YES;
				CLANG_ENABLE_OBJC_ARC = YES;
				CLANG_WARN_BOOL_CONVERSION = YES;
				CLANG_WARN_CONSTANT_CONVERSION = YES;
				CLANG_WARN_DIRECT_OBJC_ISA_USAGE = YES_ERROR;
				CLANG_WARN_EMPTY_BODY = YES;
				CLANG_WARN_ENUM_CONVERSION = YES;
				CLANG_WARN_INT_CONVERSION = YES;
				CLANG_WARN_OBJC_ROOT_CLASS = YES_ERROR;
				CLANG_WARN_UNREACHABLE_CODE = YES;
				CLANG_WARN__DUPLICATE_METHOD_MATCH = YES;
				CODE_SIGN_IDENTITY = "iPhone Developer";
				"CODE_SIGN_IDENTITY[sdk=iphoneos*]" = "iPhone Developer";
				COPY_PHASE_STRIP = NO;
				DEVELOPMENT_TEAM = 9CVMN4UZK4;
				ENABLE_STRICT_OBJC_MSGSEND = YES;
				GCC_C_LANGUAGE_STANDARD = gnu99;
				GCC_DYNAMIC_NO_PIC = NO;
				GCC_OPTIMIZATION_LEVEL = 0;
				GCC_PREPROCESSOR_DEFINITIONS = (
					"DEBUG=1",
					"$(inherited)",
				);
				GCC_SYMBOLS_PRIVATE_EXTERN = NO;
				GCC_WARN_64_TO_32_BIT_CONVERSION = YES;
				GCC_WARN_ABOUT_RETURN_TYPE = YES_ERROR;
				GCC_WARN_UNDECLARED_SELECTOR = YES;
				GCC_WARN_UNINITIALIZED_AUTOS = YES_AGGRESSIVE;
				GCC_WARN_UNUSED_FUNCTION = YES;
				GCC_WARN_UNUSED_VARIABLE = YES;
				IPHONEOS_DEPLOYMENT_TARGET = 6.0;
				MTL_ENABLE_DEBUG_INFO = YES;
				ONLY_ACTIVE_ARCH = NO;
				SDKROOT = iphoneos;
				TARGETED_DEVICE_FAMILY = "1,2";
				VALID_ARCHS = "arm64 armv7";
			};
			name = Debug;
		};
		527BCF8D19C431480077631F /* Release */ = {
			isa = XCBuildConfiguration;
			buildSettings = {
				ALWAYS_SEARCH_USER_PATHS = NO;
				CLANG_CXX_LANGUAGE_STANDARD = "gnu++0x";
				CLANG_CXX_LIBRARY = "libc++";
				CLANG_ENABLE_MODULES = YES;
				CLANG_ENABLE_OBJC_ARC = YES;
				CLANG_WARN_BOOL_CONVERSION = YES;
				CLANG_WARN_CONSTANT_CONVERSION = YES;
				CLANG_WARN_DIRECT_OBJC_ISA_USAGE = YES_ERROR;
				CLANG_WARN_EMPTY_BODY = YES;
				CLANG_WARN_ENUM_CONVERSION = YES;
				CLANG_WARN_INT_CONVERSION = YES;
				CLANG_WARN_OBJC_ROOT_CLASS = YES_ERROR;
				CLANG_WARN_UNREACHABLE_CODE = YES;
				CLANG_WARN__DUPLICATE_METHOD_MATCH = YES;
				CODE_SIGN_IDENTITY = "iPhone Developer";
				"CODE_SIGN_IDENTITY[sdk=iphoneos*]" = "iPhone Developer";
				COPY_PHASE_STRIP = YES;
				DEVELOPMENT_TEAM = 9CVMN4UZK4;
				ENABLE_NS_ASSERTIONS = NO;
				ENABLE_STRICT_OBJC_MSGSEND = YES;
				GCC_C_LANGUAGE_STANDARD = gnu99;
				GCC_WARN_64_TO_32_BIT_CONVERSION = YES;
				GCC_WARN_ABOUT_RETURN_TYPE = YES_ERROR;
				GCC_WARN_UNDECLARED_SELECTOR = YES;
				GCC_WARN_UNINITIALIZED_AUTOS = YES_AGGRESSIVE;
				GCC_WARN_UNUSED_FUNCTION = YES;
				GCC_WARN_UNUSED_VARIABLE = YES;
				IPHONEOS_DEPLOYMENT_TARGET = 6.0;
				MTL_ENABLE_DEBUG_INFO = NO;
				ONLY_ACTIVE_ARCH = NO;
				SDKROOT = iphoneos;
				TARGETED_DEVICE_FAMILY = "1,2";
				VALIDATE_PRODUCT = YES;
				VALID_ARCHS = "arm64 armv7";
			};
			name = Release;
		};
		527BCF8F19C431480077631F /* Debug */ = {
			isa = XCBuildConfiguration;
			buildSettings = {
				ARCHS = "$(ARCHS_STANDARD)";
				ASSETCATALOG_COMPILER_APPICON_NAME = AppIcon;
				ASSETCATALOG_COMPILER_LAUNCHIMAGE_NAME = LaunchImage;
				CODE_SIGN_IDENTITY = "iPhone Developer";
				"CODE_SIGN_IDENTITY[sdk=iphoneos*]" = "iPhone Developer";
				DEVELOPMENT_TEAM = 9CVMN4UZK4;
				ENABLE_BITCODE = NO;
				FRAMEWORK_SEARCH_PATHS = (
					"$(PROJECT_DIR)/UZApp/UZModules",
					"$(PROJECT_DIR)/UZApp/RongCloudLib",
					"$(PROJECT_DIR)",
				);
				GCC_PREFIX_HEADER = "$(SRCROOT)/UZApp/PrefixHeader.pch";
				INFOPLIST_FILE = UZApp/Info.plist;
				LD_RUNPATH_SEARCH_PATHS = "$(inherited) @executable_path/Frameworks";
				LIBRARY_SEARCH_PATHS = (
					"$(inherited)",
					"$(PROJECT_DIR)/UZApp/UZEngine",
					"$(PROJECT_DIR)/UZApp/UZModules",
					"$(USER_LIBRARY_DIR)/Developer/Xcode/DerivedData/TTT-fobitwjuacggukbfnjakhqifewwp/Build/Products/Debug-iphoneos",
					/Users/test/Downloads,
					"$(PROJECT_DIR)/UZApp/libs",
					"$(PROJECT_DIR)/UZApp/RongCloudLib",
					"$(PROJECT_DIR)",
				);
				ONLY_ACTIVE_ARCH = NO;
				OTHER_LDFLAGS = (
					"-ObjC",
					"-force_load",
					"$(PROJECT_DIR)/UZApp/UZEngine/libUZEngine.a",
				);
				PRODUCT_BUNDLE_IDENTIFIER = cn.rongcloud.apiclouddemo;
				PRODUCT_NAME = ApiCloudDemo;
				TARGETED_DEVICE_FAMILY = "1,2";
				VALID_ARCHS = "arm64 armv7";
			};
			name = Debug;
		};
		527BCF9019C431480077631F /* Release */ = {
			isa = XCBuildConfiguration;
			buildSettings = {
				ARCHS = "$(ARCHS_STANDARD)";
				ASSETCATALOG_COMPILER_APPICON_NAME = AppIcon;
				ASSETCATALOG_COMPILER_LAUNCHIMAGE_NAME = LaunchImage;
				CODE_SIGN_IDENTITY = "iPhone Developer";
				"CODE_SIGN_IDENTITY[sdk=iphoneos*]" = "iPhone Developer";
				DEVELOPMENT_TEAM = 9CVMN4UZK4;
				ENABLE_BITCODE = NO;
				FRAMEWORK_SEARCH_PATHS = (
					"$(PROJECT_DIR)/UZApp/UZModules",
					"$(PROJECT_DIR)/UZApp/RongCloudLib",
					"$(PROJECT_DIR)",
				);
				GCC_PREFIX_HEADER = "$(SRCROOT)/UZApp/PrefixHeader.pch";
				INFOPLIST_FILE = UZApp/Info.plist;
				LD_RUNPATH_SEARCH_PATHS = "$(inherited) @executable_path/Frameworks";
				LIBRARY_SEARCH_PATHS = (
					"$(inherited)",
					"$(PROJECT_DIR)/UZApp/UZEngine",
					"$(PROJECT_DIR)/UZApp/UZModules",
					"$(USER_LIBRARY_DIR)/Developer/Xcode/DerivedData/TTT-fobitwjuacggukbfnjakhqifewwp/Build/Products/Debug-iphoneos",
					/Users/test/Downloads,
					"$(PROJECT_DIR)/UZApp/libs",
					"$(PROJECT_DIR)/UZApp/RongCloudLib",
					"$(PROJECT_DIR)",
				);
				OTHER_LDFLAGS = (
					"-ObjC",
					"-force_load",
					"$(PROJECT_DIR)/UZApp/UZEngine/libUZEngine.a",
				);
				PRODUCT_BUNDLE_IDENTIFIER = cn.rongcloud.apiclouddemo;
				PRODUCT_NAME = ApiCloudDemo;
				TARGETED_DEVICE_FAMILY = "1,2";
				VALID_ARCHS = "arm64 armv7";
			};
			name = Release;
		};
/* End XCBuildConfiguration section */

/* Begin XCConfigurationList section */
		527BCF6619C431480077631F /* Build configuration list for PBXProject "ApiCloudDemo" */ = {
			isa = XCConfigurationList;
			buildConfigurations = (
				527BCF8C19C431480077631F /* Debug */,
				527BCF8D19C431480077631F /* Release */,
			);
			defaultConfigurationIsVisible = 0;
			defaultConfigurationName = Release;
		};
		527BCF8E19C431480077631F /* Build configuration list for PBXNativeTarget "ApiCloudDemo" */ = {
			isa = XCConfigurationList;
			buildConfigurations = (
				527BCF8F19C431480077631F /* Debug */,
				527BCF9019C431480077631F /* Release */,
			);
			defaultConfigurationIsVisible = 0;
			defaultConfigurationName = Release;
		};
/* End XCConfigurationList section */
	};
	rootObject = 527BCF6319C431480077631F /* Project object */;
}
